
Microsoft Visual Studio Solution File, Format Version 12.00
# Visual Studio Version 17
VisualStudioVersion = 17.9.34714.143
MinimumVisualStudioVersion = 10.0.40219.1
Project("{FAE04EC0-301F-11D3-BF4B-00C04F79EFBC}") = "AlGallery", "AlGallery.csproj", "{D44A2488-C3DF-41E7-B6C1-3D925A6790AB}"
EndProject
Global
	GlobalSection(SolutionConfigurationPlatforms) = preSolution
		Debug|Any CPU = Debug|Any CPU
		Release|Any CPU = Release|Any CPU
	EndGlobalSection
	GlobalSection(ProjectConfigurationPlatforms) = postSolution
		{D44A2488-C3DF-41E7-B6C1-3D925A6790AB}.Debug|Any CPU.ActiveCfg = Debug|Any CPU
		{D44A2488-C3DF-41E7-B6C1-3D925A6790AB}.Debug|Any CPU.Build.0 = Debug|Any CPU
		{D44A2488-C3DF-41E7-B6C1-3D925A6790AB}.Release|Any CPU.ActiveCfg = Release|Any CPU
		{D44A2488-C3DF-41E7-B6C1-3D925A6790AB}.Release|Any CPU.Build.0 = Release|Any CPU
	EndGlobalSection
	GlobalSection(SolutionProperties) = preSolution
		HideSolutionNode = FALSE
	EndGlobalSection
	GlobalSection(ExtensibilityGlobals) = postSolution
		SolutionGuid = {4F82411E-3C42-4920-8364-ECCAF3D8C77F}
	EndGlobalSection
EndGlobal
